{
  "name": "devops",
  "lockfileVersion": 2,
  "requires": true,
  "packages": {
    "": {
      "dependencies": {
        "gem": "^2.4.3",
        "ntp": "^0.0.5"
      }
    },
    "node_modules/emitter-b": {
      "version": "1.0.0",
      "resolved": "https://registry.npmjs.org/emitter-b/-/emitter-b-1.0.0.tgz",
      "integrity": "sha1-ioOZlKAksBsaqkvFCbcu70XjEfc=",
      "dependencies": {
        "proto": ">=1.0.17"
      }
    },
    "node_modules/gem": {
      "version": "2.4.3",
      "resolved": "https://registry.npmjs.org/gem/-/gem-2.4.3.tgz",
      "integrity": "sha1-jZXcFaRxUct3+DcnRJ9eysyOMWU=",
      "dependencies": {
        "emitter-b": "*",
        "hashmap": "https://github.com/Tixit/hashmap/archive/c666bbe32a8d23bbafc96c5d8f18e385b1b00f27.tar.gz",
        "observe": "1",
        "proto": ">=1.0.17",
        "trimArguments": "https://github.com/fresheneesz/trimArguments/archive/c9c023c9ff1e0aec4b67370a80a92dacadcf8b11.tar.gz"
      }
    },
    "node_modules/hashmap": {
      "version": "2.0.5-minfiedBugFix",
      "resolved": "https://github.com/Tixit/hashmap/archive/c666bbe32a8d23bbafc96c5d8f18e385b1b00f27.tar.gz",
      "integrity": "sha512-VYmmBJ/KuQgX7flE0edHE7ke0PXIi/wbpcv+s7mrMkOJSoE/L/BNCWyODSWSznT5spxwInc4iymCa8VGisC3Ew==",
      "license": "MIT",
      "engines": {
        "node": "*"
      }
    },
    "node_modules/ntp": {
      "version": "0.0.5",
      "resolved": "https://registry.npmjs.org/ntp/-/ntp-0.0.5.tgz",
      "integrity": "sha1-BaZAQa+hMpQlH813bd4UHqnb+es=",
      "dependencies": {
        "socket.io": "0.7.9"
      },
      "engines": {
        "node": ">= 0.4.0"
      }
    },
    "node_modules/observe": {
      "version": "1.4.1",
      "resolved": "https://registry.npmjs.org/observe/-/observe-1.4.1.tgz",
      "integrity": "sha1-mDm5xQdvWlHntkYZfUdwrSBm5v4=",
      "dependencies": {
        "proto": "*"
      }
    },
    "node_modules/policyfile": {
      "version": "0.0.4",
      "resolved": "https://registry.npmjs.org/policyfile/-/policyfile-0.0.4.tgz",
      "integrity": "sha1-1rgurZiueeviKOLa9ZAzEeyYLk0=",
      "engines": {
        "node": "*"
      }
    },
    "node_modules/proto": {
      "version": "1.0.19",
      "resolved": "https://registry.npmjs.org/proto/-/proto-1.0.19.tgz",
      "integrity": "sha1-TbolCzQ5iuJC3iQVPnv52rL+Q4U="
    },
    "node_modules/redis": {
      "version": "0.6.6",
      "resolved": "https://registry.npmjs.org/redis/-/redis-0.6.6.tgz",
      "integrity": "sha1-zXfWuqYdO+iQMvshJj0XInesE0g=",
      "engines": {
        "node": "*"
      }
    },
    "node_modules/socket.io": {
      "version": "0.7.9",
      "resolved": "https://registry.npmjs.org/socket.io/-/socket.io-0.7.9.tgz",
      "integrity": "sha1-jnA+W9WeHkwn/XhZXQ70cE5QUaM=",
      "dependencies": {
        "policyfile": "0.0.4",
        "redis": "0.6.6",
        "socket.io-client": "0.7.9"
      },
      "engines": {
        "node": ">= 0.4.0"
      }
    },
    "node_modules/socket.io-client": {
      "version": "0.7.9",
      "resolved": "https://registry.npmjs.org/socket.io-client/-/socket.io-client-0.7.9.tgz",
      "integrity": "sha1-dwQIMkkF1yiewOkufKLqb3GAYpI=",
      "dependencies": {
        "uglify-js": "1.0.6",
        "websocket-client": "1.0.0",
        "xmlhttprequest": "1.2.2"
      },
      "engines": {
        "node": ">= 0.4.0"
      }
    },
    "node_modules/trimArguments": {
      "version": "1.0.1",
      "resolved": "https://github.com/fresheneesz/trimArguments/archive/c9c023c9ff1e0aec4b67370a80a92dacadcf8b11.tar.gz",
      "integrity": "sha512-SC6VIl5Lbma02frRD70cQg/IFW2czQrTiyhUqzCWUWxm80VxCR9i9HD0GkSe8gaGUlyc7YVhdMa6wccli1j/TA=="
    },
    "node_modules/uglify-js": {
      "version": "1.0.6",
      "resolved": "https://registry.npmjs.org/uglify-js/-/uglify-js-1.0.6.tgz",
      "integrity": "sha1-8NOq/UY/JqQ3uevBn0lHq36AeKo=",
      "bin": {
        "uglifyjs": "bin/uglifyjs"
      },
      "engines": {
        "node": "*"
      }
    },
    "node_modules/websocket-client": {
      "version": "1.0.0",
      "resolved": "https://registry.npmjs.org/websocket-client/-/websocket-client-1.0.0.tgz",
      "integrity": "sha1-+HJ6J1ayMk0f0bceTbTJincAfNo=",
      "engines": {
        "node": ">=0.1.98"
      }
    },
    "node_modules/xmlhttprequest": {
      "version": "1.2.2",
      "resolved": "https://registry.npmjs.org/xmlhttprequest/-/xmlhttprequest-1.2.2.tgz",
      "integrity": "sha1-6Idb2xOvfCKwTLsDTKrfj/ImdqM=",
      "engines": {
        "node": "*"
      }
    }
  },
  "dependencies": {
    "emitter-b": {
      "version": "1.0.0",
      "resolved": "https://registry.npmjs.org/emitter-b/-/emitter-b-1.0.0.tgz",
      "integrity": "sha1-ioOZlKAksBsaqkvFCbcu70XjEfc=",
      "requires": {
        "proto": ">=1.0.17"
      }
    },
    "gem": {
      "version": "2.4.3",
      "resolved": "https://registry.npmjs.org/gem/-/gem-2.4.3.tgz",
      "integrity": "sha1-jZXcFaRxUct3+DcnRJ9eysyOMWU=",
      "requires": {
        "emitter-b": "*",
        "hashmap": "https://github.com/Tixit/hashmap/archive/c666bbe32a8d23bbafc96c5d8f18e385b1b00f27.tar.gz",
        "observe": "1",
        "proto": ">=1.0.17",
        "trimArguments": "https://github.com/fresheneesz/trimArguments/archive/c9c023c9ff1e0aec4b67370a80a92dacadcf8b11.tar.gz"
      }
    },
    "hashmap": {
      "version": "https://github.com/Tixit/hashmap/archive/c666bbe32a8d23bbafc96c5d8f18e385b1b00f27.tar.gz",
      "integrity": "sha512-VYmmBJ/KuQgX7flE0edHE7ke0PXIi/wbpcv+s7mrMkOJSoE/L/BNCWyODSWSznT5spxwInc4iymCa8VGisC3Ew=="
    },
    "ntp": {
      "version": "0.0.5",
      "resolved": "https://registry.npmjs.org/ntp/-/ntp-0.0.5.tgz",
      "integrity": "sha1-BaZAQa+hMpQlH813bd4UHqnb+es=",
      "requires": {
        "socket.io": "0.7.9"
      }
    },
    "observe": {
      "version": "1.4.1",
      "resolved": "https://registry.npmjs.org/observe/-/observe-1.4.1.tgz",
      "integrity": "sha1-mDm5xQdvWlHntkYZfUdwrSBm5v4=",
      "requires": {
        "proto": "*"
      }
    },
    "policyfile": {
      "version": "0.0.4",
      "resolved": "https://registry.npmjs.org/policyfile/-/policyfile-0.0.4.tgz",
      "integrity": "sha1-1rgurZiueeviKOLa9ZAzEeyYLk0="
    },
    "proto": {
      "version": "1.0.19",
      "resolved": "https://registry.npmjs.org/proto/-/proto-1.0.19.tgz",
      "integrity": "sha1-TbolCzQ5iuJC3iQVPnv52rL+Q4U="
    },
    "redis": {
      "version": "0.6.6",
      "resolved": "https://registry.npmjs.org/redis/-/redis-0.6.6.tgz",
      "integrity": "sha1-zXfWuqYdO+iQMvshJj0XInesE0g="
    },
    "socket.io": {
      "version": "0.7.9",
      "resolved": "https://registry.npmjs.org/socket.io/-/socket.io-0.7.9.tgz",
      "integrity": "sha1-jnA+W9WeHkwn/XhZXQ70cE5QUaM=",
      "requires": {
        "policyfile": "0.0.4",
        "redis": "0.6.6",
        "socket.io-client": "0.7.9"
      }
    },
    "socket.io-client": {
      "version": "0.7.9",
      "resolved": "https://registry.npmjs.org/socket.io-client/-/socket.io-client-0.7.9.tgz",
      "integrity": "sha1-dwQIMkkF1yiewOkufKLqb3GAYpI=",
      "requires": {
        "uglify-js": "1.0.6",
        "websocket-client": "1.0.0",
        "xmlhttprequest": "1.2.2"
      }
    },
    "trimArguments": {
      "version": "https://github.com/fresheneesz/trimArguments/archive/c9c023c9ff1e0aec4b67370a80a92dacadcf8b11.tar.gz",
      "integrity": "sha512-SC6VIl5Lbma02frRD70cQg/IFW2czQrTiyhUqzCWUWxm80VxCR9i9HD0GkSe8gaGUlyc7YVhdMa6wccli1j/TA=="
    },
    "uglify-js": {
      "version": "1.0.6",
      "resolved": "https://registry.npmjs.org/uglify-js/-/uglify-js-1.0.6.tgz",
      "integrity": "sha1-8NOq/UY/JqQ3uevBn0lHq36AeKo="
    },
    "websocket-client": {
      "version": "1.0.0",
      "resolved": "https://registry.npmjs.org/websocket-client/-/websocket-client-1.0.0.tgz",
      "integrity": "sha1-+HJ6J1ayMk0f0bceTbTJincAfNo="
    },
    "xmlhttprequest": {
      "version": "1.2.2",
      "resolved": "https://registry.npmjs.org/xmlhttprequest/-/xmlhttprequest-1.2.2.tgz",
      "integrity": "sha1-6Idb2xOvfCKwTLsDTKrfj/ImdqM="
    }
  }
}
